
Microsoft Visual Studio Solution File, Format Version 12.00
# Visual Studio Version 17
VisualStudioVersion = 17.12.35527.113 d17.12
MinimumVisualStudioVersion = 10.0.40219.1
Project("{FAE04EC0-301F-11D3-BF4B-00C04F79EFBC}") = "CanadianHealthcareWaitTimeApi", "CanadianHealthcareWaitTimeApi\CanadianHealthcareWaitTimeApi.csproj", "{89585738-5C6D-414F-A7FC-78B894C0587B}"
EndProject
Global
	GlobalSection(SolutionConfigurationPlatforms) = preSolution
		Debug|Any CPU = Debug|Any CPU
		Release|Any CPU = Release|Any CPU
	EndGlobalSection
	GlobalSection(ProjectConfigurationPlatforms) = postSolution
		{89585738-5C6D-414F-A7FC-78B894C0587B}.Debug|Any CPU.ActiveCfg = Debug|Any CPU
		{89585738-5C6D-414F-A7FC-78B894C0587B}.Debug|Any CPU.Build.0 = Debug|Any CPU
		{89585738-5C6D-414F-A7FC-78B894C0587B}.Release|Any CPU.ActiveCfg = Release|Any CPU
		{89585738-5C6D-414F-A7FC-78B894C0587B}.Release|Any CPU.Build.0 = Release|Any CPU
	EndGlobalSection
	GlobalSection(SolutionProperties) = preSolution
		HideSolutionNode = FALSE
	EndGlobalSection
EndGlobal
